
Microsoft Visual Studio Solution File, Format Version 12.00
Project("{FAE04EC0-301F-11D3-BF4B-00C04F79EFBC}") = "2023", "2023\2023.csproj", "{380AF11C-1AA0-47E0-AF52-DB214F43463E}"
EndProject
Global
	GlobalSection(SolutionConfigurationPlatforms) = preSolution
		Debug|Any CPU = Debug|Any CPU
		Release|Any CPU = Release|Any CPU
	EndGlobalSection
	GlobalSection(ProjectConfigurationPlatforms) = postSolution
		{380AF11C-1AA0-47E0-AF52-DB214F43463E}.Debug|Any CPU.ActiveCfg = Debug|Any CPU
		{380AF11C-1AA0-47E0-AF52-DB214F43463E}.Debug|Any CPU.Build.0 = Debug|Any CPU
		{380AF11C-1AA0-47E0-AF52-DB214F43463E}.Release|Any CPU.ActiveCfg = Release|Any CPU
		{380AF11C-1AA0-47E0-AF52-DB214F43463E}.Release|Any CPU.Build.0 = Release|Any CPU
	EndGlobalSection
EndGlobal
